
Microsoft Visual Studio Solution File, Format Version 12.00
# Visual Studio 15
VisualStudioVersion = 15.0.28010.2046
MinimumVisualStudioVersion = 10.0.40219.1
Project("{FAE04EC0-301F-11D3-BF4B-00C04F79EFBC}") = "DealeronTest", "DealeronTest\DealeronTest.csproj", "{0A16D11E-6B57-4CB6-941D-4DE4CC9F6032}"
EndProject
Global
	GlobalSection(SolutionConfigurationPlatforms) = preSolution
		Debug|Any CPU = Debug|Any CPU
		Release|Any CPU = Release|Any CPU
	EndGlobalSection
	GlobalSection(ProjectConfigurationPlatforms) = postSolution
		{0A16D11E-6B57-4CB6-941D-4DE4CC9F6032}.Debug|Any CPU.ActiveCfg = Debug|Any CPU
		{0A16D11E-6B57-4CB6-941D-4DE4CC9F6032}.Debug|Any CPU.Build.0 = Debug|Any CPU
		{0A16D11E-6B57-4CB6-941D-4DE4CC9F6032}.Release|Any CPU.ActiveCfg = Release|Any CPU
		{0A16D11E-6B57-4CB6-941D-4DE4CC9F6032}.Release|Any CPU.Build.0 = Release|Any CPU
	EndGlobalSection
	GlobalSection(SolutionProperties) = preSolution
		HideSolutionNode = FALSE
	EndGlobalSection
	GlobalSection(ExtensibilityGlobals) = postSolution
		SolutionGuid = {4A795F3A-4085-452D-9A97-05A7E1081E30}
	EndGlobalSection
EndGlobal
